
Microsoft Visual Studio Solution File, Format Version 12.00
# Visual Studio Version 17
VisualStudioVersion = 17.3.32901.215
MinimumVisualStudioVersion = 10.0.40219.1
Project("{FAE04EC0-301F-11D3-BF4B-00C04F79EFBC}") = "CarRaceGame", "CarRaceGame\CarRaceGame.csproj", "{374186F5-E4EA-4F74-AFA0-C48E96CA5C1B}"
EndProject
Global
	GlobalSection(SolutionConfigurationPlatforms) = preSolution
		Debug|Any CPU = Debug|Any CPU
		Release|Any CPU = Release|Any CPU
	EndGlobalSection
	GlobalSection(ProjectConfigurationPlatforms) = postSolution
		{374186F5-E4EA-4F74-AFA0-C48E96CA5C1B}.Debug|Any CPU.ActiveCfg = Debug|Any CPU
		{374186F5-E4EA-4F74-AFA0-C48E96CA5C1B}.Debug|Any CPU.Build.0 = Debug|Any CPU
		{374186F5-E4EA-4F74-AFA0-C48E96CA5C1B}.Release|Any CPU.ActiveCfg = Release|Any CPU
		{374186F5-E4EA-4F74-AFA0-C48E96CA5C1B}.Release|Any CPU.Build.0 = Release|Any CPU
	EndGlobalSection
	GlobalSection(SolutionProperties) = preSolution
		HideSolutionNode = FALSE
	EndGlobalSection
	GlobalSection(ExtensibilityGlobals) = postSolution
		SolutionGuid = {0E2C1C68-24A0-4D72-BBA5-19CECBFE8696}
	EndGlobalSection
EndGlobal
